
Microsoft Visual Studio Solution File, Format Version 12.00
# Visual Studio Version 16
VisualStudioVersion = 16.0.31410.357
MinimumVisualStudioVersion = 10.0.40219.1
Project("{9A19103F-16F7-4668-BE54-9A1E7A4F7556}") = "MidiDomotica.View", "MidiDomotica\MidiDomotica.View.csproj", "{A07FE83A-DADD-4906-A2DC-E52BC2AE2439}"
EndProject
Project("{9A19103F-16F7-4668-BE54-9A1E7A4F7556}") = "MidiDomotica.MidiConnection", "MidiDomotica.MidiConnection\MidiDomotica.MidiConnection.csproj", "{2327BC5C-0850-46CB-9CF8-7CDAA5384BB7}"
EndProject
Project("{9A19103F-16F7-4668-BE54-9A1E7A4F7556}") = "MidiDomotica.Core", "MidiDomotica.Core\MidiDomotica.Core.csproj", "{D98E370F-7AE6-47D6-977C-5EE55E81F733}"
EndProject
Project("{9A19103F-16F7-4668-BE54-9A1E7A4F7556}") = "MidiDomotica.Remote", "MidiDomotica.HotKeys\MidiDomotica.Remote.csproj", "{C8FF7522-A9A8-4B79-9A4F-90B0F1A46F27}"
EndProject
Project("{9A19103F-16F7-4668-BE54-9A1E7A4F7556}") = "MidiDomotica.Persistence", "MidiDomotica.Persistence\MidiDomotica.Persistence.csproj", "{FA71AA8D-F073-40FC-85D9-893CA172C1E1}"
EndProject
Project("{9A19103F-16F7-4668-BE54-9A1E7A4F7556}") = "MidiDomotica.Exchange", "MidiDomotica.Exchange\MidiDomotica.Exchange.csproj", "{45B01119-93C6-4F8C-AC78-F981DAE90190}"
EndProject
Project("{9A19103F-16F7-4668-BE54-9A1E7A4F7556}") = "SYWCentralLogging", "SYWCentralLogging\SYWCentralLogging.csproj", "{1540988C-0AA2-4B49-880A-09CA6D5B02B2}"
EndProject
Project("{9A19103F-16F7-4668-BE54-9A1E7A4F7556}") = "SYWPipeNetworkManager", "SYWPipeNetworkManager\SYWPipeNetworkManager.csproj", "{E14C967B-36F8-41EA-A5EF-95456F58EE40}"
EndProject
Global
	GlobalSection(SolutionConfigurationPlatforms) = preSolution
		Debug|Any CPU = Debug|Any CPU
		Release|Any CPU = Release|Any CPU
	EndGlobalSection
	GlobalSection(ProjectConfigurationPlatforms) = postSolution
		{A07FE83A-DADD-4906-A2DC-E52BC2AE2439}.Debug|Any CPU.ActiveCfg = Debug|Any CPU
		{A07FE83A-DADD-4906-A2DC-E52BC2AE2439}.Debug|Any CPU.Build.0 = Debug|Any CPU
		{A07FE83A-DADD-4906-A2DC-E52BC2AE2439}.Release|Any CPU.ActiveCfg = Release|Any CPU
		{A07FE83A-DADD-4906-A2DC-E52BC2AE2439}.Release|Any CPU.Build.0 = Release|Any CPU
		{2327BC5C-0850-46CB-9CF8-7CDAA5384BB7}.Debug|Any CPU.ActiveCfg = Debug|Any CPU
		{2327BC5C-0850-46CB-9CF8-7CDAA5384BB7}.Debug|Any CPU.Build.0 = Debug|Any CPU
		{2327BC5C-0850-46CB-9CF8-7CDAA5384BB7}.Release|Any CPU.ActiveCfg = Release|Any CPU
		{2327BC5C-0850-46CB-9CF8-7CDAA5384BB7}.Release|Any CPU.Build.0 = Release|Any CPU
		{D98E370F-7AE6-47D6-977C-5EE55E81F733}.Debug|Any CPU.ActiveCfg = Debug|Any CPU
		{D98E370F-7AE6-47D6-977C-5EE55E81F733}.Debug|Any CPU.Build.0 = Debug|Any CPU
		{D98E370F-7AE6-47D6-977C-5EE55E81F733}.Release|Any CPU.ActiveCfg = Release|Any CPU
		{D98E370F-7AE6-47D6-977C-5EE55E81F733}.Release|Any CPU.Build.0 = Release|Any CPU
		{C8FF7522-A9A8-4B79-9A4F-90B0F1A46F27}.Debug|Any CPU.ActiveCfg = Debug|Any CPU
		{C8FF7522-A9A8-4B79-9A4F-90B0F1A46F27}.Debug|Any CPU.Build.0 = Debug|Any CPU
		{C8FF7522-A9A8-4B79-9A4F-90B0F1A46F27}.Release|Any CPU.ActiveCfg = Release|Any CPU
		{C8FF7522-A9A8-4B79-9A4F-90B0F1A46F27}.Release|Any CPU.Build.0 = Release|Any CPU
		{FA71AA8D-F073-40FC-85D9-893CA172C1E1}.Debug|Any CPU.ActiveCfg = Debug|Any CPU
		{FA71AA8D-F073-40FC-85D9-893CA172C1E1}.Debug|Any CPU.Build.0 = Debug|Any CPU
		{FA71AA8D-F073-40FC-85D9-893CA172C1E1}.Release|Any CPU.ActiveCfg = Release|Any CPU
		{FA71AA8D-F073-40FC-85D9-893CA172C1E1}.Release|Any CPU.Build.0 = Release|Any CPU
		{45B01119-93C6-4F8C-AC78-F981DAE90190}.Debug|Any CPU.ActiveCfg = Debug|Any CPU
		{45B01119-93C6-4F8C-AC78-F981DAE90190}.Debug|Any CPU.Build.0 = Debug|Any CPU
		{45B01119-93C6-4F8C-AC78-F981DAE90190}.Release|Any CPU.ActiveCfg = Release|Any CPU
		{45B01119-93C6-4F8C-AC78-F981DAE90190}.Release|Any CPU.Build.0 = Release|Any CPU
		{1540988C-0AA2-4B49-880A-09CA6D5B02B2}.Debug|Any CPU.ActiveCfg = Debug|Any CPU
		{1540988C-0AA2-4B49-880A-09CA6D5B02B2}.Debug|Any CPU.Build.0 = Debug|Any CPU
		{1540988C-0AA2-4B49-880A-09CA6D5B02B2}.Release|Any CPU.ActiveCfg = Release|Any CPU
		{1540988C-0AA2-4B49-880A-09CA6D5B02B2}.Release|Any CPU.Build.0 = Release|Any CPU
		{E14C967B-36F8-41EA-A5EF-95456F58EE40}.Debug|Any CPU.ActiveCfg = Debug|Any CPU
		{E14C967B-36F8-41EA-A5EF-95456F58EE40}.Debug|Any CPU.Build.0 = Debug|Any CPU
		{E14C967B-36F8-41EA-A5EF-95456F58EE40}.Release|Any CPU.ActiveCfg = Release|Any CPU
		{E14C967B-36F8-41EA-A5EF-95456F58EE40}.Release|Any CPU.Build.0 = Release|Any CPU
	EndGlobalSection
	GlobalSection(SolutionProperties) = preSolution
		HideSolutionNode = FALSE
	EndGlobalSection
	GlobalSection(ExtensibilityGlobals) = postSolution
		SolutionGuid = {C9084D6E-F5BE-4BCC-B547-424717245B14}
	EndGlobalSection
EndGlobal
